
Microsoft Visual Studio Solution File, Format Version 12.00
# Visual Studio Version 16
VisualStudioVersion = 16.0.30413.136
MinimumVisualStudioVersion = 10.0.40219.1
Project("{FAE04EC0-301F-11D3-BF4B-00C04F79EFBC}") = "SampleSalesReport", "SampleSalesReport\SampleSalesReport.csproj", "{6856DDBF-795A-4CC2-A75D-436DAFF6587B}"
EndProject
Project("{FAE04EC0-301F-11D3-BF4B-00C04F79EFBC}") = "SampleSalesReport.Tests", "SampleSalesReport.Tests\SampleSalesReport.Tests.csproj", "{C5D10ECE-1D1A-4F97-95AD-E584E4C00C9F}"
EndProject
Global
	GlobalSection(SolutionConfigurationPlatforms) = preSolution
		Debug|Any CPU = Debug|Any CPU
		Release|Any CPU = Release|Any CPU
	EndGlobalSection
	GlobalSection(ProjectConfigurationPlatforms) = postSolution
		{6856DDBF-795A-4CC2-A75D-436DAFF6587B}.Debug|Any CPU.ActiveCfg = Debug|Any CPU
		{6856DDBF-795A-4CC2-A75D-436DAFF6587B}.Debug|Any CPU.Build.0 = Debug|Any CPU
		{6856DDBF-795A-4CC2-A75D-436DAFF6587B}.Release|Any CPU.ActiveCfg = Release|Any CPU
		{6856DDBF-795A-4CC2-A75D-436DAFF6587B}.Release|Any CPU.Build.0 = Release|Any CPU
		{C5D10ECE-1D1A-4F97-95AD-E584E4C00C9F}.Debug|Any CPU.ActiveCfg = Debug|Any CPU
		{C5D10ECE-1D1A-4F97-95AD-E584E4C00C9F}.Debug|Any CPU.Build.0 = Debug|Any CPU
		{C5D10ECE-1D1A-4F97-95AD-E584E4C00C9F}.Release|Any CPU.ActiveCfg = Release|Any CPU
		{C5D10ECE-1D1A-4F97-95AD-E584E4C00C9F}.Release|Any CPU.Build.0 = Release|Any CPU
	EndGlobalSection
	GlobalSection(SolutionProperties) = preSolution
		HideSolutionNode = FALSE
	EndGlobalSection
	GlobalSection(ExtensibilityGlobals) = postSolution
		SolutionGuid = {606C82CC-E034-4941-A88F-D551DF722919}
	EndGlobalSection
EndGlobal
